
Microsoft Visual Studio Solution File, Format Version 12.00
# Visual Studio 2013
VisualStudioVersion = 12.0.30723.0
MinimumVisualStudioVersion = 10.0.40219.1
Project("{FAE04EC0-301F-11D3-BF4B-00C04F79EFBC}") = "BillManageWPF", "BillManageWPF\BillManageWPF.csproj", "{AC19324C-EAAA-4CB0-8E21-1EFAC5A9CB38}"
EndProject
Project("{FAE04EC0-301F-11D3-BF4B-00C04F79EFBC}") = "Controllers", "Controllers\Controllers.csproj", "{A541AFB5-0EAC-48FA-B7A8-1D3A327A95AD}"
EndProject
Project("{FAE04EC0-301F-11D3-BF4B-00C04F79EFBC}") = "WPF.DazzleUI2", "WPF.DazzleUI2\WPF.DazzleUI2.csproj", "{53B936B8-79D9-4043-B8E6-7A9EDAAA1BB0}"
EndProject
Project("{FAE04EC0-301F-11D3-BF4B-00C04F79EFBC}") = "MyExtendControls", "MyExtendControls\MyExtendControls.csproj", "{26326D4D-74F9-4A99-872B-093F7FCCF494}"
EndProject
Project("{2150E333-8FDC-42A3-9474-1A3956D46DE8}") = "ExtendControls", "ExtendControls", "{B26F2369-1608-41E4-84BA-929F77EB04A9}"
EndProject
Project("{2150E333-8FDC-42A3-9474-1A3956D46DE8}") = "DataProcessing", "DataProcessing", "{3A9E00C6-5F62-4B22-B98B-27660CC539CD}"
EndProject
Project("{2150E333-8FDC-42A3-9474-1A3956D46DE8}") = "UI", "UI", "{9507A973-7CD6-46DB-BF1C-9BCAB57FEC25}"
EndProject
Project("{FAE04EC0-301F-11D3-BF4B-00C04F79EFBC}") = "TabControlEx", "TabControlEx\TabControlEx.csproj", "{9DF2B67B-5453-42B5-8CFC-3AB8C1CF3317}"
EndProject
Global
	GlobalSection(SolutionConfigurationPlatforms) = preSolution
		CD_ROM|Any CPU = CD_ROM|Any CPU
		Debug|Any CPU = Debug|Any CPU
		DVD-5|Any CPU = DVD-5|Any CPU
		my|Any CPU = my|Any CPU
		Release|Any CPU = Release|Any CPU
		SingleImage|Any CPU = SingleImage|Any CPU
	EndGlobalSection
	GlobalSection(ProjectConfigurationPlatforms) = postSolution
		{AC19324C-EAAA-4CB0-8E21-1EFAC5A9CB38}.CD_ROM|Any CPU.ActiveCfg = Release|Any CPU
		{AC19324C-EAAA-4CB0-8E21-1EFAC5A9CB38}.CD_ROM|Any CPU.Build.0 = Release|Any CPU
		{AC19324C-EAAA-4CB0-8E21-1EFAC5A9CB38}.Debug|Any CPU.ActiveCfg = Debug|Any CPU
		{AC19324C-EAAA-4CB0-8E21-1EFAC5A9CB38}.Debug|Any CPU.Build.0 = Debug|Any CPU
		{AC19324C-EAAA-4CB0-8E21-1EFAC5A9CB38}.DVD-5|Any CPU.ActiveCfg = Debug|Any CPU
		{AC19324C-EAAA-4CB0-8E21-1EFAC5A9CB38}.DVD-5|Any CPU.Build.0 = Debug|Any CPU
		{AC19324C-EAAA-4CB0-8E21-1EFAC5A9CB38}.my|Any CPU.ActiveCfg = Release|Any CPU
		{AC19324C-EAAA-4CB0-8E21-1EFAC5A9CB38}.my|Any CPU.Build.0 = Release|Any CPU
		{AC19324C-EAAA-4CB0-8E21-1EFAC5A9CB38}.Release|Any CPU.ActiveCfg = Release|Any CPU
		{AC19324C-EAAA-4CB0-8E21-1EFAC5A9CB38}.Release|Any CPU.Build.0 = Release|Any CPU
		{AC19324C-EAAA-4CB0-8E21-1EFAC5A9CB38}.SingleImage|Any CPU.ActiveCfg = Release|Any CPU
		{AC19324C-EAAA-4CB0-8E21-1EFAC5A9CB38}.SingleImage|Any CPU.Build.0 = Release|Any CPU
		{A541AFB5-0EAC-48FA-B7A8-1D3A327A95AD}.CD_ROM|Any CPU.ActiveCfg = Release|Any CPU
		{A541AFB5-0EAC-48FA-B7A8-1D3A327A95AD}.CD_ROM|Any CPU.Build.0 = Release|Any CPU
		{A541AFB5-0EAC-48FA-B7A8-1D3A327A95AD}.Debug|Any CPU.ActiveCfg = Debug|Any CPU
		{A541AFB5-0EAC-48FA-B7A8-1D3A327A95AD}.Debug|Any CPU.Build.0 = Debug|Any CPU
		{A541AFB5-0EAC-48FA-B7A8-1D3A327A95AD}.DVD-5|Any CPU.ActiveCfg = Debug|Any CPU
		{A541AFB5-0EAC-48FA-B7A8-1D3A327A95AD}.DVD-5|Any CPU.Build.0 = Debug|Any CPU
		{A541AFB5-0EAC-48FA-B7A8-1D3A327A95AD}.my|Any CPU.ActiveCfg = my|Any CPU
		{A541AFB5-0EAC-48FA-B7A8-1D3A327A95AD}.my|Any CPU.Build.0 = my|Any CPU
		{A541AFB5-0EAC-48FA-B7A8-1D3A327A95AD}.Release|Any CPU.ActiveCfg = Release|Any CPU
		{A541AFB5-0EAC-48FA-B7A8-1D3A327A95AD}.Release|Any CPU.Build.0 = Release|Any CPU
		{A541AFB5-0EAC-48FA-B7A8-1D3A327A95AD}.SingleImage|Any CPU.ActiveCfg = Release|Any CPU
		{A541AFB5-0EAC-48FA-B7A8-1D3A327A95AD}.SingleImage|Any CPU.Build.0 = Release|Any CPU
		{53B936B8-79D9-4043-B8E6-7A9EDAAA1BB0}.CD_ROM|Any CPU.ActiveCfg = Release|Any CPU
		{53B936B8-79D9-4043-B8E6-7A9EDAAA1BB0}.CD_ROM|Any CPU.Build.0 = Release|Any CPU
		{53B936B8-79D9-4043-B8E6-7A9EDAAA1BB0}.Debug|Any CPU.ActiveCfg = Debug|Any CPU
		{53B936B8-79D9-4043-B8E6-7A9EDAAA1BB0}.Debug|Any CPU.Build.0 = Debug|Any CPU
		{53B936B8-79D9-4043-B8E6-7A9EDAAA1BB0}.DVD-5|Any CPU.ActiveCfg = Debug|Any CPU
		{53B936B8-79D9-4043-B8E6-7A9EDAAA1BB0}.DVD-5|Any CPU.Build.0 = Debug|Any CPU
		{53B936B8-79D9-4043-B8E6-7A9EDAAA1BB0}.my|Any CPU.ActiveCfg = my|Any CPU
		{53B936B8-79D9-4043-B8E6-7A9EDAAA1BB0}.my|Any CPU.Build.0 = my|Any CPU
		{53B936B8-79D9-4043-B8E6-7A9EDAAA1BB0}.Release|Any CPU.ActiveCfg = Release|Any CPU
		{53B936B8-79D9-4043-B8E6-7A9EDAAA1BB0}.Release|Any CPU.Build.0 = Release|Any CPU
		{53B936B8-79D9-4043-B8E6-7A9EDAAA1BB0}.SingleImage|Any CPU.ActiveCfg = Release|Any CPU
		{53B936B8-79D9-4043-B8E6-7A9EDAAA1BB0}.SingleImage|Any CPU.Build.0 = Release|Any CPU
		{26326D4D-74F9-4A99-872B-093F7FCCF494}.CD_ROM|Any CPU.ActiveCfg = Release|Any CPU
		{26326D4D-74F9-4A99-872B-093F7FCCF494}.CD_ROM|Any CPU.Build.0 = Release|Any CPU
		{26326D4D-74F9-4A99-872B-093F7FCCF494}.Debug|Any CPU.ActiveCfg = Debug|Any CPU
		{26326D4D-74F9-4A99-872B-093F7FCCF494}.Debug|Any CPU.Build.0 = Debug|Any CPU
		{26326D4D-74F9-4A99-872B-093F7FCCF494}.DVD-5|Any CPU.ActiveCfg = Debug|Any CPU
		{26326D4D-74F9-4A99-872B-093F7FCCF494}.DVD-5|Any CPU.Build.0 = Debug|Any CPU
		{26326D4D-74F9-4A99-872B-093F7FCCF494}.my|Any CPU.ActiveCfg = my|Any CPU
		{26326D4D-74F9-4A99-872B-093F7FCCF494}.my|Any CPU.Build.0 = my|Any CPU
		{26326D4D-74F9-4A99-872B-093F7FCCF494}.Release|Any CPU.ActiveCfg = Release|Any CPU
		{26326D4D-74F9-4A99-872B-093F7FCCF494}.Release|Any CPU.Build.0 = Release|Any CPU
		{26326D4D-74F9-4A99-872B-093F7FCCF494}.SingleImage|Any CPU.ActiveCfg = Release|Any CPU
		{26326D4D-74F9-4A99-872B-093F7FCCF494}.SingleImage|Any CPU.Build.0 = Release|Any CPU
		{9DF2B67B-5453-42B5-8CFC-3AB8C1CF3317}.CD_ROM|Any CPU.ActiveCfg = Release|Any CPU
		{9DF2B67B-5453-42B5-8CFC-3AB8C1CF3317}.CD_ROM|Any CPU.Build.0 = Release|Any CPU
		{9DF2B67B-5453-42B5-8CFC-3AB8C1CF3317}.Debug|Any CPU.ActiveCfg = Debug|Any CPU
		{9DF2B67B-5453-42B5-8CFC-3AB8C1CF3317}.Debug|Any CPU.Build.0 = Debug|Any CPU
		{9DF2B67B-5453-42B5-8CFC-3AB8C1CF3317}.DVD-5|Any CPU.ActiveCfg = Debug|Any CPU
		{9DF2B67B-5453-42B5-8CFC-3AB8C1CF3317}.DVD-5|Any CPU.Build.0 = Debug|Any CPU
		{9DF2B67B-5453-42B5-8CFC-3AB8C1CF3317}.my|Any CPU.ActiveCfg = my|Any CPU
		{9DF2B67B-5453-42B5-8CFC-3AB8C1CF3317}.my|Any CPU.Build.0 = my|Any CPU
		{9DF2B67B-5453-42B5-8CFC-3AB8C1CF3317}.Release|Any CPU.ActiveCfg = Release|Any CPU
		{9DF2B67B-5453-42B5-8CFC-3AB8C1CF3317}.Release|Any CPU.Build.0 = Release|Any CPU
		{9DF2B67B-5453-42B5-8CFC-3AB8C1CF3317}.SingleImage|Any CPU.ActiveCfg = Release|Any CPU
		{9DF2B67B-5453-42B5-8CFC-3AB8C1CF3317}.SingleImage|Any CPU.Build.0 = Release|Any CPU
	EndGlobalSection
	GlobalSection(SolutionProperties) = preSolution
		HideSolutionNode = FALSE
	EndGlobalSection
	GlobalSection(NestedProjects) = preSolution
		{AC19324C-EAAA-4CB0-8E21-1EFAC5A9CB38} = {9507A973-7CD6-46DB-BF1C-9BCAB57FEC25}
		{A541AFB5-0EAC-48FA-B7A8-1D3A327A95AD} = {3A9E00C6-5F62-4B22-B98B-27660CC539CD}
		{53B936B8-79D9-4043-B8E6-7A9EDAAA1BB0} = {B26F2369-1608-41E4-84BA-929F77EB04A9}
		{26326D4D-74F9-4A99-872B-093F7FCCF494} = {B26F2369-1608-41E4-84BA-929F77EB04A9}
		{9DF2B67B-5453-42B5-8CFC-3AB8C1CF3317} = {B26F2369-1608-41E4-84BA-929F77EB04A9}
	EndGlobalSection
EndGlobal
