
Microsoft Visual Studio Solution File, Format Version 12.00
# Visual Studio 2013
VisualStudioVersion = 12.0.21005.1
MinimumVisualStudioVersion = 10.0.40219.1
Project("{FAE04EC0-301F-11D3-BF4B-00C04F79EFBC}") = "BillManageWPF", "BillManageWPF\BillManageWPF.csproj", "{AC19324C-EAAA-4CB0-8E21-1EFAC5A9CB38}"
EndProject
Project("{FAE04EC0-301F-11D3-BF4B-00C04F79EFBC}") = "Controllers", "Controllers\Controllers.csproj", "{A541AFB5-0EAC-48FA-B7A8-1D3A327A95AD}"
EndProject
Project("{FAE04EC0-301F-11D3-BF4B-00C04F79EFBC}") = "TESTFORM", "TESTFORM\TESTFORM.csproj", "{77943ACE-25C2-4F94-AABC-D4C6C4CC70BD}"
EndProject
Project("{FAE04EC0-301F-11D3-BF4B-00C04F79EFBC}") = "TabControlEx", "C:\Users\MyPC\Downloads\51CTO下载-20090825032321\TabControlEx\TabControlEx\TabControlEx.csproj", "{9DF2B67B-5453-42B5-8CFC-3AB8C1CF3317}"
EndProject
Global
	GlobalSection(SolutionConfigurationPlatforms) = preSolution
		Debug|Any CPU = Debug|Any CPU
		Release|Any CPU = Release|Any CPU
	EndGlobalSection
	GlobalSection(ProjectConfigurationPlatforms) = postSolution
		{AC19324C-EAAA-4CB0-8E21-1EFAC5A9CB38}.Debug|Any CPU.ActiveCfg = Debug|Any CPU
		{AC19324C-EAAA-4CB0-8E21-1EFAC5A9CB38}.Debug|Any CPU.Build.0 = Debug|Any CPU
		{AC19324C-EAAA-4CB0-8E21-1EFAC5A9CB38}.Release|Any CPU.ActiveCfg = Release|Any CPU
		{AC19324C-EAAA-4CB0-8E21-1EFAC5A9CB38}.Release|Any CPU.Build.0 = Release|Any CPU
		{A541AFB5-0EAC-48FA-B7A8-1D3A327A95AD}.Debug|Any CPU.ActiveCfg = Debug|Any CPU
		{A541AFB5-0EAC-48FA-B7A8-1D3A327A95AD}.Debug|Any CPU.Build.0 = Debug|Any CPU
		{A541AFB5-0EAC-48FA-B7A8-1D3A327A95AD}.Release|Any CPU.ActiveCfg = Release|Any CPU
		{A541AFB5-0EAC-48FA-B7A8-1D3A327A95AD}.Release|Any CPU.Build.0 = Release|Any CPU
		{77943ACE-25C2-4F94-AABC-D4C6C4CC70BD}.Debug|Any CPU.ActiveCfg = Debug|Any CPU
		{77943ACE-25C2-4F94-AABC-D4C6C4CC70BD}.Debug|Any CPU.Build.0 = Debug|Any CPU
		{77943ACE-25C2-4F94-AABC-D4C6C4CC70BD}.Release|Any CPU.ActiveCfg = Release|Any CPU
		{77943ACE-25C2-4F94-AABC-D4C6C4CC70BD}.Release|Any CPU.Build.0 = Release|Any CPU
		{9DF2B67B-5453-42B5-8CFC-3AB8C1CF3317}.Debug|Any CPU.ActiveCfg = Debug|Any CPU
		{9DF2B67B-5453-42B5-8CFC-3AB8C1CF3317}.Debug|Any CPU.Build.0 = Debug|Any CPU
		{9DF2B67B-5453-42B5-8CFC-3AB8C1CF3317}.Release|Any CPU.ActiveCfg = Release|Any CPU
		{9DF2B67B-5453-42B5-8CFC-3AB8C1CF3317}.Release|Any CPU.Build.0 = Release|Any CPU
	EndGlobalSection
	GlobalSection(SolutionProperties) = preSolution
		HideSolutionNode = FALSE
	EndGlobalSection
EndGlobal
